<?xml version="1.0" encoding="utf-8"?>
<Project ToolsVersion="4.0" xmlns="http://schemas.microsoft.com/developer/msbuild/2003">
  <ItemGroup>
    <ClCompile Include="main.cpp" />
    <ClCompile Include="PlayerKwMusic.cpp" />
  </ItemGroup>
  <ItemGroup>
    <ClInclude Include="stdhead.h" />
    <ClInclude Include="PlayerKwMusic.h" />
  </ItemGroup>
  <ItemGroup>
    <ResourceCompile Include="KwMusic.rc" />
  </ItemGroup>
</Project>